<?xml version="1.0" encoding="utf-8"?>
<Project ToolsVersion="4.0" xmlns="http://schemas.microsoft.com/developer/msbuild/2003">
  <ItemGroup>
    <Filter Include="Source Files">
      <UniqueIdentifier>{4FC737F1-C7A5-4376-A066-2A32D752A2FF}</UniqueIdentifier>
      <Extensions>cpp;c;cc;cxx;c++;cppm;ixx;def;odl;idl;hpj;bat;asm;asmx</Extensions>
    </Filter>
    <Filter Include="Header Files">
      <UniqueIdentifier>{93995380-89BD-4b04-88EB-625FBE52EBFB}</UniqueIdentifier>
      <Extensions>h;hh;hpp;hxx;h++;hm;inl;inc;ipp;xsd</Extensions>
    </Filter>
    <Filter Include="Resource Files">
      <UniqueIdentifier>{67DA6AB6-F800-4c08-8B7A-83BB121AAD01}</UniqueIdentifier>
      <Extensions>rc;ico;cur;bmp;dlg;rc2;rct;bin;rgs;gif;jpg;jpeg;jpe;resx;tiff;tif;png;wav;mfcribbon-ms</Extensions>
    </Filter>
  </ItemGroup>
  <ItemGroup>
    <ClCompile Include="for.cpp">
      <Filter>Source Files</Filter>
    </ClCompile>
    <ClCompile Include="array.cpp">
      <Filter>Source Files</Filter>
    </ClCompile>
    <ClCompile Include="search_algorithm.cpp">
      <Filter>Source Files</Filter>
    </ClCompile>
    <ClCompile Include="function.cpp">
      <Filter>Source Files</Filter>
    </ClCompile>
    <ClCompile Include="func.cpp">
      <Filter>Source Files</Filter>
    </ClCompile>
    <ClCompile Include="funckr.cpp">
      <Filter>Source Files</Filter>
    </ClCompile>
    <ClCompile Include="dzz_functemp.cpp">
      <Filter>Source Files</Filter>
    </ClCompile>
    <ClCompile Include="24_09.cpp">
      <Filter>Source Files</Filter>
    </ClCompile>
    <ClCompile Include="func_recursion.cpp">
      <Filter>Source Files</Filter>
    </ClCompile>
    <ClCompile Include="pointers.cpp">
      <Filter>Source Files</Filter>
    </ClCompile>
    <ClCompile Include="references.cpp">
      <Filter>Source Files</Filter>
    </ClCompile>
    <ClCompile Include="Dynamic memory.cpp">
      <Filter>Source Files</Filter>
    </ClCompile>
    <ClCompile Include="dzpointer3.cpp">
      <Filter>Source Files</Filter>
    </ClCompile>
    <ClCompile Include="dynamicmemorydz.cpp">
      <Filter>Source Files</Filter>
    </ClCompile>
    <ClCompile Include="string.cpp">
      <Filter>Source Files</Filter>
    </ClCompile>
    <ClCompile Include="cstring.cpp">
      <Filter>Source Files</Filter>
    </ClCompile>
    <ClCompile Include="minigame.cpp">
      <Filter>Source Files</Filter>
    </ClCompile>
    <ClCompile Include="pointer to pointer.cpp">
      <Filter>Source Files</Filter>
    </ClCompile>
    <ClCompile Include="kr.cpp">
      <Filter>Source Files</Filter>
    </ClCompile>
    <ClCompile Include="dzpoi.cpp">
      <Filter>Source Files</Filter>
    </ClCompile>
    <ClCompile Include="Structs.cpp">
      <Filter>Source Files</Filter>
    </ClCompile>
    <ClCompile Include="jagged dynamic.cpp">
      <Filter>Source Files</Filter>
    </ClCompile>
    <ClCompile Include="struct_d.cpp">
      <Filter>Source Files</Filter>
    </ClCompile>
    <ClCompile Include="typedef.cpp">
      <Filter>Source Files</Filter>
    </ClCompile>
    <ClCompile Include="Pointer to func.cpp">
      <Filter>Source Files</Filter>
    </ClCompile>
    <ClCompile Include="rentcar.cpp">
      <Filter>Source Files</Filter>
    </ClCompile>
    <ClCompile Include="26\10.cpp">
      <Filter>Source Files</Filter>
    </ClCompile>
    <ClCompile Include="gamepyatnashka.cpp">
      <Filter>Source Files</Filter>
    </ClCompile>
    <ClCompile Include="colors.cpp">
      <Filter>Source Files</Filter>
    </ClCompile>
  </ItemGroup>
</Project>